{
  "name": "@fmidev/metoclient",
  "version": "1.0.20",
  "lockfileVersion": 1,
  "requires": true,
  "dependencies": {
    "@mapbox/point-geometry": {
      "version": "0.1.0",
      "resolved": "https://registry.npmjs.org/@mapbox/point-geometry/-/point-geometry-0.1.0.tgz",
      "integrity": "sha1-ioP5M1x4YO/6Lu7KJUMyqgru2PI="
    },
    "@mapbox/vector-tile": {
      "version": "1.3.0",
      "resolved": "https://registry.npmjs.org/@mapbox/vector-tile/-/vector-tile-1.3.0.tgz",
      "integrity": "sha1-xJX5clJb78zvzYOPRf+jfvO3D+g=",
      "requires": {
        "@mapbox/point-geometry": "~0.1.0"
      }
    },
    "batch-processor": {
      "version": "1.0.0",
      "resolved": "https://registry.npmjs.org/batch-processor/-/batch-processor-1.0.0.tgz",
      "integrity": "sha1-dclcMrdI4IUNEMKxaPa9vpiRrOg="
    },
    "core-js": {
      "version": "2.5.3",
      "resolved": "https://registry.npmjs.org/core-js/-/core-js-2.5.3.tgz",
      "integrity": "sha1-isw4NFgk8W2DZbfJtCWRaOjtYD4="
    },
    "delegate": {
      "version": "3.2.0",
      "resolved": "https://registry.npmjs.org/delegate/-/delegate-3.2.0.tgz",
      "integrity": "sha512-IofjkYBZaZivn0V8nnsMJGBr4jVLxHDheKSW88PyxS5QC4Vo9ZbZVvhzlSxY87fVq3STR6r+4cGepyHkcWOQSw=="
    },
    "element-resize-detector": {
      "version": "1.1.12",
      "resolved": "https://registry.npmjs.org/element-resize-detector/-/element-resize-detector-1.1.12.tgz",
      "integrity": "sha1-iz/W7t2hf5wAs2Cg6i35knroC6I=",
      "requires": {
        "batch-processor": "^1.0.0"
      }
    },
    "empty-element": {
      "version": "1.0.0",
      "resolved": "https://registry.npmjs.org/empty-element/-/empty-element-1.0.0.tgz",
      "integrity": "sha1-94Hu0XG5HCCMsARHRZIJAPVSk5U="
    },
    "extend": {
      "version": "3.0.2",
      "resolved": "https://registry.npmjs.org/extend/-/extend-3.0.2.tgz",
      "integrity": "sha512-fjquC59cD7CyW6urNXK0FBufkZcoiGG80wTuPujX590cB5Ttln20E2UB4S/WARVqhXffZl2LNgS+gQdPIIim/g=="
    },
    "fast-isnumeric": {
      "version": "1.1.1",
      "resolved": "https://registry.npmjs.org/fast-isnumeric/-/fast-isnumeric-1.1.1.tgz",
      "integrity": "sha1-V7gcB6PAnLnsO++cFhgYmS2JNkM="
    },
    "good-listener": {
      "version": "1.2.2",
      "resolved": "https://registry.npmjs.org/good-listener/-/good-listener-1.2.2.tgz",
      "integrity": "sha1-1TswzfkxPf+33JoNR3CWqm0UXFA=",
      "requires": {
        "delegate": "^3.1.2"
      }
    },
    "ieee754": {
      "version": "1.1.12",
      "resolved": "https://registry.npmjs.org/ieee754/-/ieee754-1.1.12.tgz",
      "integrity": "sha512-GguP+DRY+pJ3soyIiGPTvdiVXjZ+DbXOxGpXn3eMvNW4x4irjqXm4wHKscC+TfxSJ0yw/S1F24tqdMNsMZTiLA=="
    },
    "immediate": {
      "version": "3.0.6",
      "resolved": "https://registry.npmjs.org/immediate/-/immediate-3.0.6.tgz",
      "integrity": "sha1-nbHb0Pr43m++D13V5Wu2BigN5ps="
    },
    "isobject": {
      "version": "3.0.1",
      "resolved": "https://registry.npmjs.org/isobject/-/isobject-3.0.1.tgz",
      "integrity": "sha1-TkMekrEalzFjaqH5yNHMvP2reN8="
    },
    "lie": {
      "version": "3.1.1",
      "resolved": "https://registry.npmjs.org/lie/-/lie-3.1.1.tgz",
      "integrity": "sha1-mkNrLMd0bKWd56QfpGmz77dr2H4=",
      "requires": {
        "immediate": "~3.0.5"
      }
    },
    "localforage": {
      "version": "1.7.3",
      "resolved": "https://registry.npmjs.org/localforage/-/localforage-1.7.3.tgz",
      "integrity": "sha512-1TulyYfc4udS7ECSBT2vwJksWbkwwTX8BzeUIiq8Y07Riy7bDAAnxDaPU/tWyOVmQAcWJIEIFP9lPfBGqVoPgQ==",
      "requires": {
        "lie": "3.1.1"
      }
    },
    "mgrs": {
      "version": "1.0.0",
      "resolved": "https://registry.npmjs.org/mgrs/-/mgrs-1.0.0.tgz",
      "integrity": "sha1-+5FYjnjJACVnI5XLQLJffNatGCk="
    },
    "moment": {
      "version": "2.22.2",
      "resolved": "https://registry.npmjs.org/moment/-/moment-2.22.2.tgz",
      "integrity": "sha1-PCV/mDn8DpP/UxSWMiOeuQeD/2Y="
    },
    "moment-timezone": {
      "version": "0.5.13",
      "resolved": "https://registry.npmjs.org/moment-timezone/-/moment-timezone-0.5.13.tgz",
      "integrity": "sha1-mc5cfYJyYusPH3AgRBd/YHRde5A=",
      "requires": {
        "moment": ">= 2.9.0"
      }
    },
    "mouse-wheel": {
      "version": "1.2.0",
      "resolved": "https://registry.npmjs.org/mouse-wheel/-/mouse-wheel-1.2.0.tgz",
      "integrity": "sha1-bSkDseqPtI5h8bU7kDZ3PwQs21w=",
      "requires": {
        "right-now": "^1.0.0",
        "signum": "^1.0.0",
        "to-px": "^1.0.1"
      }
    },
    "ol": {
      "version": "4.3.3",
      "resolved": "https://registry.npmjs.org/ol/-/ol-4.3.3.tgz",
      "integrity": "sha512-WixzhT54t3E6z+SQA+EDXvq5K0j0qQLIGi2kKE2XJjSDYRJuO5rDzdv30pWB40F+pZmcLeYlbolKlUiU6b/gfA==",
      "requires": {
        "@mapbox/vector-tile": "1.3.0",
        "pbf": "3.0.5",
        "pixelworks": "1.1.0",
        "rbush": "2.0.1"
      }
    },
    "parse-unit": {
      "version": "1.0.1",
      "resolved": "https://registry.npmjs.org/parse-unit/-/parse-unit-1.0.1.tgz",
      "integrity": "sha1-fhu21b7zh0wo45JSaiVBFwKR7s8="
    },
    "pbf": {
      "version": "3.0.5",
      "resolved": "https://registry.npmjs.org/pbf/-/pbf-3.0.5.tgz",
      "integrity": "sha1-JPD6LL6xblxWpZAbt+nCrAyAWb4=",
      "requires": {
        "ieee754": "^1.1.6",
        "resolve-protobuf-schema": "^2.0.0"
      }
    },
    "pixelworks": {
      "version": "1.1.0",
      "resolved": "https://registry.npmjs.org/pixelworks/-/pixelworks-1.1.0.tgz",
      "integrity": "sha1-Hwla1I3Ki/ihyCWOAJIDGkTyLKU="
    },
    "proj4": {
      "version": "2.4.4",
      "resolved": "https://registry.npmjs.org/proj4/-/proj4-2.4.4.tgz",
      "integrity": "sha512-yo6qTpBQXnxhcPopKJeVwwOBRzUpEa3vzSFlr38f5mF4Jnfb6NOL/ePIomefWiZmPgkUblHpcwnWVMB8FS3GKw==",
      "requires": {
        "mgrs": "1.0.0",
        "wkt-parser": "^1.2.0"
      }
    },
    "protocol-buffers-schema": {
      "version": "3.3.2",
      "resolved": "https://registry.npmjs.org/protocol-buffers-schema/-/protocol-buffers-schema-3.3.2.tgz",
      "integrity": "sha512-Xdayp8sB/mU+sUV4G7ws8xtYMGdQnxbeIfLjyO9TZZRJdztBGhlmbI5x1qcY4TG5hBkIKGnc28i7nXxaugu88w=="
    },
    "quickselect": {
      "version": "1.1.1",
      "resolved": "https://registry.npmjs.org/quickselect/-/quickselect-1.1.1.tgz",
      "integrity": "sha512-qN0Gqdw4c4KGPsBOQafj6yj/PA6c/L63f6CaZ/DCF/xF4Esu3jVmKLUDYxghFx8Kb/O7y9tI7x2RjTSXwdK1iQ=="
    },
    "rbush": {
      "version": "2.0.1",
      "resolved": "https://registry.npmjs.org/rbush/-/rbush-2.0.1.tgz",
      "integrity": "sha1-TPrKKMMGS8DudUMaG3mZDode76k=",
      "requires": {
        "quickselect": "^1.0.0"
      }
    },
    "rename-keys": {
      "version": "2.0.1",
      "resolved": "https://registry.npmjs.org/rename-keys/-/rename-keys-2.0.1.tgz",
      "integrity": "sha512-WOWHR9dTgGZPp+mPS0IYKIXr9+JR8dqgmTmOlu3CP5egUXAuQ4n07SGv7hZ9VURYVdkU2khkMcLYWcv3mSROEg==",
      "requires": {
        "isobject": "^3.0.1"
      }
    },
    "resolve-protobuf-schema": {
      "version": "2.1.0",
      "resolved": "https://registry.npmjs.org/resolve-protobuf-schema/-/resolve-protobuf-schema-2.1.0.tgz",
      "integrity": "sha512-kI5ffTiZWmJaS/huM8wZfEMer1eRd7oJQhDuxeCLe3t7N7mX3z94CN0xPxBQxFYQTSNz9T0i+v6inKqSdK8xrQ==",
      "requires": {
        "protocol-buffers-schema": "^3.3.1"
      }
    },
    "right-now": {
      "version": "1.0.0",
      "resolved": "https://registry.npmjs.org/right-now/-/right-now-1.0.0.tgz",
      "integrity": "sha1-bolgne69fc2vja7Mmuo5z1haCRg="
    },
    "shallowequal": {
      "version": "1.1.0",
      "resolved": "https://registry.npmjs.org/shallowequal/-/shallowequal-1.1.0.tgz",
      "integrity": "sha512-y0m1JoUZSlPAjXVtPPW70aZWfIL/dSP7AFkRnniLCrK/8MDKog3TySTBmckD+RObVxH0v4Tox67+F14PdED2oQ=="
    },
    "signum": {
      "version": "1.0.0",
      "resolved": "https://registry.npmjs.org/signum/-/signum-1.0.0.tgz",
      "integrity": "sha1-dKfSvyogtA66FqkrFSEk8dVZ+nc="
    },
    "to-px": {
      "version": "1.1.0",
      "resolved": "https://registry.npmjs.org/to-px/-/to-px-1.1.0.tgz",
      "integrity": "sha512-bfg3GLYrGoEzrGoE05TAL/Uw+H/qrf2ptr9V3W7U0lkjjyYnIfgxmVLUfhQ1hZpIQwin81uxhDjvUkDYsC0xWw==",
      "requires": {
        "parse-unit": "^1.0.1"
      }
    },
    "wkt-parser": {
      "version": "1.2.3",
      "resolved": "https://registry.npmjs.org/wkt-parser/-/wkt-parser-1.2.3.tgz",
      "integrity": "sha512-s7zrOedGuHbbzMaQOuf8HacuCYp3LmmrHjkkN//7UEAzsYz7xJ6J+j/84ZWZkQcrRqi3xXyuc4odPHj7PEB0bw=="
    },
    "wolfy87-eventemitter": {
      "version": "5.2.3",
      "resolved": "https://registry.npmjs.org/wolfy87-eventemitter/-/wolfy87-eventemitter-5.2.3.tgz",
      "integrity": "sha512-jCUVjlRkpuoU9vQa1cyynPJhvR8ymNLwfvdkGYjIWwR0STLc0LJQG+yFy1JlQ73vjbtlNiC8xNqZQMJDdpYMeA=="
    }
  }
}
